// !$*UTF8*$!
{
	archiveVersion = 1;
	classes = {
	};
	objectVersion = 55;
	objects = {

/* Begin PBXBuildFile section */
		861D318A27277893002516F7 /* SnellLawComputation.swift in Sources */ = {isa = PBXBuildFile; fileRef = 861D318927277893002516F7 /* SnellLawComputation.swift */; };
		861D318C272778C6002516F7 /* ComputeCoreRefractiveIndex_SnellLaw.swift in Sources */ = {isa = PBXBuildFile; fileRef = 861D318B272778C6002516F7 /* ComputeCoreRefractiveIndex_SnellLaw.swift */; };
		861D318E27277DE9002516F7 /* ComputeCladdingRefractiveIndex_SnellLaw.swift in Sources */ = {isa = PBXBuildFile; fileRef = 861D318D27277DE9002516F7 /* ComputeCladdingRefractiveIndex_SnellLaw.swift */; };
		861D319027277ED6002516F7 /* ComputeIncidentAngle_SnellLaw.swift in Sources */ = {isa = PBXBuildFile; fileRef = 861D318F27277ED6002516F7 /* ComputeIncidentAngle_SnellLaw.swift */; };
		861D319227277F4E002516F7 /* ComputeTransmittedAngle_SnellLaw.swift in Sources */ = {isa = PBXBuildFile; fileRef = 861D319127277F4E002516F7 /* ComputeTransmittedAngle_SnellLaw.swift */; };
		861D319427277FB3002516F7 /* ComputeCriticalAngle_SnellLaw.swift in Sources */ = {isa = PBXBuildFile; fileRef = 861D319327277FB3002516F7 /* ComputeCriticalAngle_SnellLaw.swift */; };
		861D3196272781A0002516F7 /* RefractiveIndexFromPhaseVelocity.swift in Sources */ = {isa = PBXBuildFile; fileRef = 861D3195272781A0002516F7 /* RefractiveIndexFromPhaseVelocity.swift */; };
		861D319827278539002516F7 /* Constants.swift in Sources */ = {isa = PBXBuildFile; fileRef = 861D319727278539002516F7 /* Constants.swift */; };
		861D319D27279DD5002516F7 /* MaxAcceptanceAngleCalculation.swift in Sources */ = {isa = PBXBuildFile; fileRef = 861D319C27279DD5002516F7 /* MaxAcceptanceAngleCalculation.swift */; };
		861D319F27279E0D002516F7 /* ComputeAcceptanceAngleFromNA.swift in Sources */ = {isa = PBXBuildFile; fileRef = 861D319E27279E0D002516F7 /* ComputeAcceptanceAngleFromNA.swift */; };
		861D31A127279E1B002516F7 /* ComputeAcceptanceAngleFromCriticalAngle.swift in Sources */ = {isa = PBXBuildFile; fileRef = 861D31A027279E1B002516F7 /* ComputeAcceptanceAngleFromCriticalAngle.swift */; };
		861D31A62727A3AB002516F7 /* NumericalApertureCalculation.swift in Sources */ = {isa = PBXBuildFile; fileRef = 861D31A52727A3AB002516F7 /* NumericalApertureCalculation.swift */; };
		861D31A82727A3F9002516F7 /* ComputeNAFromAcceptanceAngle.swift in Sources */ = {isa = PBXBuildFile; fileRef = 861D31A72727A3F9002516F7 /* ComputeNAFromAcceptanceAngle.swift */; };
		861D31AA2727A49C002516F7 /* ComputeNAFromCriticalAngle.swift in Sources */ = {isa = PBXBuildFile; fileRef = 861D31A92727A49C002516F7 /* ComputeNAFromCriticalAngle.swift */; };
		861D31AC2727A4F2002516F7 /* ComputeNAFromRefractiveIndices.swift in Sources */ = {isa = PBXBuildFile; fileRef = 861D31AB2727A4F2002516F7 /* ComputeNAFromRefractiveIndices.swift */; };
		861D31AE2727A58F002516F7 /* ComputeNAFromKnownDeltaN.swift in Sources */ = {isa = PBXBuildFile; fileRef = 861D31AD2727A58F002516F7 /* ComputeNAFromKnownDeltaN.swift */; };
		861D31B02727A604002516F7 /* ComputeNAFromUnknownDeltaN.swift in Sources */ = {isa = PBXBuildFile; fileRef = 861D31AF2727A604002516F7 /* ComputeNAFromUnknownDeltaN.swift */; };
		8621DE5D271E37F700FC2E81 /* DecimalField.swift in Sources */ = {isa = PBXBuildFile; fileRef = 8621DE5C271E37F700FC2E81 /* DecimalField.swift */; };
		8621DE5E271E37F700FC2E81 /* DecimalField.swift in Sources */ = {isa = PBXBuildFile; fileRef = 8621DE5C271E37F700FC2E81 /* DecimalField.swift */; };
		862590ED271B3C9B00793567 /* OpticalSignal.swift in Sources */ = {isa = PBXBuildFile; fileRef = 862590EC271B3C9B00793567 /* OpticalSignal.swift */; };
		862590EE271B3C9B00793567 /* OpticalSignal.swift in Sources */ = {isa = PBXBuildFile; fileRef = 862590EC271B3C9B00793567 /* OpticalSignal.swift */; };
		862590F9271B5ECA00793567 /* Resources.swift in Sources */ = {isa = PBXBuildFile; fileRef = 862590F8271B5ECA00793567 /* Resources.swift */; };
		862590FA271B5ECA00793567 /* Resources.swift in Sources */ = {isa = PBXBuildFile; fileRef = 862590F8271B5ECA00793567 /* Resources.swift */; };
		862590FC271B5F4400793567 /* ElectricalToOptical.swift in Sources */ = {isa = PBXBuildFile; fileRef = 862590FB271B5F4400793567 /* ElectricalToOptical.swift */; };
		862590FD271B5F4400793567 /* ElectricalToOptical.swift in Sources */ = {isa = PBXBuildFile; fileRef = 862590FB271B5F4400793567 /* ElectricalToOptical.swift */; };
		862590FF271B5F5300793567 /* ElectricalSignal.swift in Sources */ = {isa = PBXBuildFile; fileRef = 862590FE271B5F5300793567 /* ElectricalSignal.swift */; };
		86259100271B5F5300793567 /* ElectricalSignal.swift in Sources */ = {isa = PBXBuildFile; fileRef = 862590FE271B5F5300793567 /* ElectricalSignal.swift */; };
		8665D2EF27286AF700E744F1 /* NormalisedFrequencyCalculations.swift in Sources */ = {isa = PBXBuildFile; fileRef = 8665D2EE27286AF700E744F1 /* NormalisedFrequencyCalculations.swift */; };
		8665D2F227286B4E00E744F1 /* ComputeVParameterForStepIndexFiber.swift in Sources */ = {isa = PBXBuildFile; fileRef = 8665D2F127286B4E00E744F1 /* ComputeVParameterForStepIndexFiber.swift */; };
		8665D2F427286E5C00E744F1 /* ComputeVParameterForGradedIndexFiber.swift in Sources */ = {isa = PBXBuildFile; fileRef = 8665D2F327286E5C00E744F1 /* ComputeVParameterForGradedIndexFiber.swift */; };
		8673F082271AF3F90094BF61 /* OpticalToElectrical.swift in Sources */ = {isa = PBXBuildFile; fileRef = 8673F081271AF3F90094BF61 /* OpticalToElectrical.swift */; };
		8673F083271AF3F90094BF61 /* OpticalToElectrical.swift in Sources */ = {isa = PBXBuildFile; fileRef = 8673F081271AF3F90094BF61 /* OpticalToElectrical.swift */; };
		86845CB9271A6383008B9764 /* OpticalCommsSolverApp.swift in Sources */ = {isa = PBXBuildFile; fileRef = 86845CA9271A6381008B9764 /* OpticalCommsSolverApp.swift */; };
		86845CBA271A6383008B9764 /* OpticalCommsSolverApp.swift in Sources */ = {isa = PBXBuildFile; fileRef = 86845CA9271A6381008B9764 /* OpticalCommsSolverApp.swift */; };
		86845CBB271A6383008B9764 /* ContentView.swift in Sources */ = {isa = PBXBuildFile; fileRef = 86845CAA271A6381008B9764 /* ContentView.swift */; };
		86845CBC271A6383008B9764 /* ContentView.swift in Sources */ = {isa = PBXBuildFile; fileRef = 86845CAA271A6381008B9764 /* ContentView.swift */; };
		86845CBD271A6383008B9764 /* Assets.xcassets in Resources */ = {isa = PBXBuildFile; fileRef = 86845CAB271A6383008B9764 /* Assets.xcassets */; };
		86845CBE271A6383008B9764 /* Assets.xcassets in Resources */ = {isa = PBXBuildFile; fileRef = 86845CAB271A6383008B9764 /* Assets.xcassets */; };
/* End PBXBuildFile section */

/* Begin PBXFileReference section */
		861D318927277893002516F7 /* SnellLawComputation.swift */ = {isa = PBXFileReference; lastKnownFileType = sourcecode.swift; path = SnellLawComputation.swift; sourceTree = "<group>"; };
		861D318B272778C6002516F7 /* ComputeCoreRefractiveIndex_SnellLaw.swift */ = {isa = PBXFileReference; lastKnownFileType = sourcecode.swift; path = ComputeCoreRefractiveIndex_SnellLaw.swift; sourceTree = "<group>"; };
		861D318D27277DE9002516F7 /* ComputeCladdingRefractiveIndex_SnellLaw.swift */ = {isa = PBXFileReference; lastKnownFileType = sourcecode.swift; path = ComputeCladdingRefractiveIndex_SnellLaw.swift; sourceTree = "<group>"; };
		861D318F27277ED6002516F7 /* ComputeIncidentAngle_SnellLaw.swift */ = {isa = PBXFileReference; lastKnownFileType = sourcecode.swift; path = ComputeIncidentAngle_SnellLaw.swift; sourceTree = "<group>"; };
		861D319127277F4E002516F7 /* ComputeTransmittedAngle_SnellLaw.swift */ = {isa = PBXFileReference; lastKnownFileType = sourcecode.swift; path = ComputeTransmittedAngle_SnellLaw.swift; sourceTree = "<group>"; };
		861D319327277FB3002516F7 /* ComputeCriticalAngle_SnellLaw.swift */ = {isa = PBXFileReference; lastKnownFileType = sourcecode.swift; path = ComputeCriticalAngle_SnellLaw.swift; sourceTree = "<group>"; };
		861D3195272781A0002516F7 /* RefractiveIndexFromPhaseVelocity.swift */ = {isa = PBXFileReference; lastKnownFileType = sourcecode.swift; path = RefractiveIndexFromPhaseVelocity.swift; sourceTree = "<group>"; };
		861D319727278539002516F7 /* Constants.swift */ = {isa = PBXFileReference; lastKnownFileType = sourcecode.swift; path = Constants.swift; sourceTree = "<group>"; };
		861D319C27279DD5002516F7 /* MaxAcceptanceAngleCalculation.swift */ = {isa = PBXFileReference; lastKnownFileType = sourcecode.swift; path = MaxAcceptanceAngleCalculation.swift; sourceTree = "<group>"; };
		861D319E27279E0D002516F7 /* ComputeAcceptanceAngleFromNA.swift */ = {isa = PBXFileReference; lastKnownFileType = sourcecode.swift; path = ComputeAcceptanceAngleFromNA.swift; sourceTree = "<group>"; };
		861D31A027279E1B002516F7 /* ComputeAcceptanceAngleFromCriticalAngle.swift */ = {isa = PBXFileReference; lastKnownFileType = sourcecode.swift; path = ComputeAcceptanceAngleFromCriticalAngle.swift; sourceTree = "<group>"; };
		861D31A52727A3AB002516F7 /* NumericalApertureCalculation.swift */ = {isa = PBXFileReference; lastKnownFileType = sourcecode.swift; path = NumericalApertureCalculation.swift; sourceTree = "<group>"; };
		861D31A72727A3F9002516F7 /* ComputeNAFromAcceptanceAngle.swift */ = {isa = PBXFileReference; lastKnownFileType = sourcecode.swift; path = ComputeNAFromAcceptanceAngle.swift; sourceTree = "<group>"; };
		861D31A92727A49C002516F7 /* ComputeNAFromCriticalAngle.swift */ = {isa = PBXFileReference; lastKnownFileType = sourcecode.swift; path = ComputeNAFromCriticalAngle.swift; sourceTree = "<group>"; };
		861D31AB2727A4F2002516F7 /* ComputeNAFromRefractiveIndices.swift */ = {isa = PBXFileReference; lastKnownFileType = sourcecode.swift; path = ComputeNAFromRefractiveIndices.swift; sourceTree = "<group>"; };
		861D31AD2727A58F002516F7 /* ComputeNAFromKnownDeltaN.swift */ = {isa = PBXFileReference; lastKnownFileType = sourcecode.swift; path = ComputeNAFromKnownDeltaN.swift; sourceTree = "<group>"; };
		861D31AF2727A604002516F7 /* ComputeNAFromUnknownDeltaN.swift */ = {isa = PBXFileReference; lastKnownFileType = sourcecode.swift; path = ComputeNAFromUnknownDeltaN.swift; sourceTree = "<group>"; };
		8621DE5C271E37F700FC2E81 /* DecimalField.swift */ = {isa = PBXFileReference; fileEncoding = 4; lastKnownFileType = sourcecode.swift; path = DecimalField.swift; sourceTree = "<group>"; };
		862590EC271B3C9B00793567 /* OpticalSignal.swift */ = {isa = PBXFileReference; lastKnownFileType = sourcecode.swift; path = OpticalSignal.swift; sourceTree = "<group>"; };
		862590F8271B5ECA00793567 /* Resources.swift */ = {isa = PBXFileReference; lastKnownFileType = sourcecode.swift; path = Resources.swift; sourceTree = "<group>"; };
		862590FB271B5F4400793567 /* ElectricalToOptical.swift */ = {isa = PBXFileReference; lastKnownFileType = sourcecode.swift; path = ElectricalToOptical.swift; sourceTree = "<group>"; };
		862590FE271B5F5300793567 /* ElectricalSignal.swift */ = {isa = PBXFileReference; lastKnownFileType = sourcecode.swift; path = ElectricalSignal.swift; sourceTree = "<group>"; };
		8665D2EE27286AF700E744F1 /* NormalisedFrequencyCalculations.swift */ = {isa = PBXFileReference; lastKnownFileType = sourcecode.swift; path = NormalisedFrequencyCalculations.swift; sourceTree = "<group>"; };
		8665D2F127286B4E00E744F1 /* ComputeVParameterForStepIndexFiber.swift */ = {isa = PBXFileReference; lastKnownFileType = sourcecode.swift; path = ComputeVParameterForStepIndexFiber.swift; sourceTree = "<group>"; };
		8665D2F327286E5C00E744F1 /* ComputeVParameterForGradedIndexFiber.swift */ = {isa = PBXFileReference; lastKnownFileType = sourcecode.swift; path = ComputeVParameterForGradedIndexFiber.swift; sourceTree = "<group>"; };
		8673F081271AF3F90094BF61 /* OpticalToElectrical.swift */ = {isa = PBXFileReference; lastKnownFileType = sourcecode.swift; path = OpticalToElectrical.swift; sourceTree = "<group>"; };
		86845CA9271A6381008B9764 /* OpticalCommsSolverApp.swift */ = {isa = PBXFileReference; lastKnownFileType = sourcecode.swift; path = OpticalCommsSolverApp.swift; sourceTree = "<group>"; };
		86845CAA271A6381008B9764 /* ContentView.swift */ = {isa = PBXFileReference; lastKnownFileType = sourcecode.swift; path = ContentView.swift; sourceTree = "<group>"; };
		86845CAB271A6383008B9764 /* Assets.xcassets */ = {isa = PBXFileReference; lastKnownFileType = folder.assetcatalog; path = Assets.xcassets; sourceTree = "<group>"; };
		86845CB0271A6383008B9764 /* Optical Comms Solver.app */ = {isa = PBXFileReference; explicitFileType = wrapper.application; includeInIndex = 0; path = "Optical Comms Solver.app"; sourceTree = BUILT_PRODUCTS_DIR; };
		86845CB6271A6383008B9764 /* Optical Comms Solver.app */ = {isa = PBXFileReference; explicitFileType = wrapper.application; includeInIndex = 0; path = "Optical Comms Solver.app"; sourceTree = BUILT_PRODUCTS_DIR; };
		86845CB8271A6383008B9764 /* macOS.entitlements */ = {isa = PBXFileReference; lastKnownFileType = text.plist.entitlements; path = macOS.entitlements; sourceTree = "<group>"; };
/* End PBXFileReference section */

/* Begin PBXFrameworksBuildPhase section */
		86845CAD271A6383008B9764 /* Frameworks */ = {
			isa = PBXFrameworksBuildPhase;
			buildActionMask = 2147483647;
			files = (
			);
			runOnlyForDeploymentPostprocessing = 0;
		};
		86845CB3271A6383008B9764 /* Frameworks */ = {
			isa = PBXFrameworksBuildPhase;
			buildActionMask = 2147483647;
			files = (
			);
			runOnlyForDeploymentPostprocessing = 0;
		};
/* End PBXFrameworksBuildPhase section */

/* Begin PBXGroup section */
		861D318527277728002516F7 /* Views */ = {
			isa = PBXGroup;
			children = (
				8673F081271AF3F90094BF61 /* OpticalToElectrical.swift */,
				862590FB271B5F4400793567 /* ElectricalToOptical.swift */,
			);
			path = Views;
			sourceTree = "<group>";
		};
		861D31862727784E002516F7 /* Snell Law Computations */ = {
			isa = PBXGroup;
			children = (
				861D318727277866002516F7 /* Models */,
				861D318827277873002516F7 /* Views */,
			);
			path = "Snell Law Computations";
			sourceTree = "<group>";
		};
		861D318727277866002516F7 /* Models */ = {
			isa = PBXGroup;
			children = (
				861D318927277893002516F7 /* SnellLawComputation.swift */,
			);
			path = Models;
			sourceTree = "<group>";
		};
		861D318827277873002516F7 /* Views */ = {
			isa = PBXGroup;
			children = (
				861D318B272778C6002516F7 /* ComputeCoreRefractiveIndex_SnellLaw.swift */,
				861D318D27277DE9002516F7 /* ComputeCladdingRefractiveIndex_SnellLaw.swift */,
				861D318F27277ED6002516F7 /* ComputeIncidentAngle_SnellLaw.swift */,
				861D319127277F4E002516F7 /* ComputeTransmittedAngle_SnellLaw.swift */,
				861D319327277FB3002516F7 /* ComputeCriticalAngle_SnellLaw.swift */,
				861D3195272781A0002516F7 /* RefractiveIndexFromPhaseVelocity.swift */,
			);
			path = Views;
			sourceTree = "<group>";
		};
		861D319927279D7B002516F7 /* Acceptance Angle Computations */ = {
			isa = PBXGroup;
			children = (
				861D319A27279DB2002516F7 /* Models */,
				861D319B27279DBC002516F7 /* Views */,
			);
			path = "Acceptance Angle Computations";
			sourceTree = "<group>";
		};
		861D319A27279DB2002516F7 /* Models */ = {
			isa = PBXGroup;
			children = (
				861D319C27279DD5002516F7 /* MaxAcceptanceAngleCalculation.swift */,
			);
			path = Models;
			sourceTree = "<group>";
		};
		861D319B27279DBC002516F7 /* Views */ = {
			isa = PBXGroup;
			children = (
				861D319E27279E0D002516F7 /* ComputeAcceptanceAngleFromNA.swift */,
				861D31A027279E1B002516F7 /* ComputeAcceptanceAngleFromCriticalAngle.swift */,
			);
			path = Views;
			sourceTree = "<group>";
		};
		861D31A22727A37D002516F7 /* Numerical Aperture Computations */ = {
			isa = PBXGroup;
			children = (
				861D31A32727A393002516F7 /* Models */,
				861D31A42727A397002516F7 /* Views */,
			);
			path = "Numerical Aperture Computations";
			sourceTree = "<group>";
		};
		861D31A32727A393002516F7 /* Models */ = {
			isa = PBXGroup;
			children = (
				861D31A52727A3AB002516F7 /* NumericalApertureCalculation.swift */,
			);
			path = Models;
			sourceTree = "<group>";
		};
		861D31A42727A397002516F7 /* Views */ = {
			isa = PBXGroup;
			children = (
				861D31A72727A3F9002516F7 /* ComputeNAFromAcceptanceAngle.swift */,
				861D31A92727A49C002516F7 /* ComputeNAFromCriticalAngle.swift */,
				861D31AB2727A4F2002516F7 /* ComputeNAFromRefractiveIndices.swift */,
				861D31AD2727A58F002516F7 /* ComputeNAFromKnownDeltaN.swift */,
				861D31AF2727A604002516F7 /* ComputeNAFromUnknownDeltaN.swift */,
			);
			path = Views;
			sourceTree = "<group>";
		};
		862590EF271B3CEC00793567 /* Models */ = {
			isa = PBXGroup;
			children = (
				862590EC271B3C9B00793567 /* OpticalSignal.swift */,
				862590FE271B5F5300793567 /* ElectricalSignal.swift */,
			);
			path = Models;
			sourceTree = "<group>";
		};
		862590F0271B3CFC00793567 /* Domain Conversion */ = {
			isa = PBXGroup;
			children = (
				862590EF271B3CEC00793567 /* Models */,
				861D318527277728002516F7 /* Views */,
			);
			path = "Domain Conversion";
			sourceTree = "<group>";
		};
		862590F7271B5EA300793567 /* Extras */ = {
			isa = PBXGroup;
			children = (
				862590F8271B5ECA00793567 /* Resources.swift */,
				8621DE5C271E37F700FC2E81 /* DecimalField.swift */,
				861D319727278539002516F7 /* Constants.swift */,
			);
			path = Extras;
			sourceTree = "<group>";
		};
		8665D2EC27286AD400E744F1 /* V Parameter Computations */ = {
			isa = PBXGroup;
			children = (
				8665D2ED27286AE700E744F1 /* Models */,
				8665D2F027286B0B00E744F1 /* Views */,
			);
			path = "V Parameter Computations";
			sourceTree = "<group>";
		};
		8665D2ED27286AE700E744F1 /* Models */ = {
			isa = PBXGroup;
			children = (
				8665D2EE27286AF700E744F1 /* NormalisedFrequencyCalculations.swift */,
			);
			path = Models;
			sourceTree = "<group>";
		};
		8665D2F027286B0B00E744F1 /* Views */ = {
			isa = PBXGroup;
			children = (
				8665D2F127286B4E00E744F1 /* ComputeVParameterForStepIndexFiber.swift */,
				8665D2F327286E5C00E744F1 /* ComputeVParameterForGradedIndexFiber.swift */,
			);
			path = Views;
			sourceTree = "<group>";
		};
		86845CA3271A6381008B9764 = {
			isa = PBXGroup;
			children = (
				86845CA8271A6381008B9764 /* Shared */,
				86845CB7271A6383008B9764 /* macOS */,
				86845CB1271A6383008B9764 /* Products */,
			);
			sourceTree = "<group>";
		};
		86845CA8271A6381008B9764 /* Shared */ = {
			isa = PBXGroup;
			children = (
				86845CA9271A6381008B9764 /* OpticalCommsSolverApp.swift */,
				86845CAA271A6381008B9764 /* ContentView.swift */,
				86845CAB271A6383008B9764 /* Assets.xcassets */,
				862590F0271B3CFC00793567 /* Domain Conversion */,
				861D31862727784E002516F7 /* Snell Law Computations */,
				861D319927279D7B002516F7 /* Acceptance Angle Computations */,
				861D31A22727A37D002516F7 /* Numerical Aperture Computations */,
				8665D2EC27286AD400E744F1 /* V Parameter Computations */,
				862590F7271B5EA300793567 /* Extras */,
			);
			path = Shared;
			sourceTree = "<group>";
		};
		86845CB1271A6383008B9764 /* Products */ = {
			isa = PBXGroup;
			children = (
				86845CB0271A6383008B9764 /* Optical Comms Solver.app */,
				86845CB6271A6383008B9764 /* Optical Comms Solver.app */,
			);
			name = Products;
			sourceTree = "<group>";
		};
		86845CB7271A6383008B9764 /* macOS */ = {
			isa = PBXGroup;
			children = (
				86845CB8271A6383008B9764 /* macOS.entitlements */,
			);
			path = macOS;
			sourceTree = "<group>";
		};
/* End PBXGroup section */

/* Begin PBXNativeTarget section */
		86845CAF271A6383008B9764 /* Optical Comms Solver (iOS) */ = {
			isa = PBXNativeTarget;
			buildConfigurationList = 86845CC1271A6383008B9764 /* Build configuration list for PBXNativeTarget "Optical Comms Solver (iOS)" */;
			buildPhases = (
				86845CAC271A6383008B9764 /* Sources */,
				86845CAD271A6383008B9764 /* Frameworks */,
				86845CAE271A6383008B9764 /* Resources */,
			);
			buildRules = (
			);
			dependencies = (
			);
			name = "Optical Comms Solver (iOS)";
			productName = "Optical Comms Solver (iOS)";
			productReference = 86845CB0271A6383008B9764 /* Optical Comms Solver.app */;
			productType = "com.apple.product-type.application";
		};
		86845CB5271A6383008B9764 /* Optical Comms Solver (macOS) */ = {
			isa = PBXNativeTarget;
			buildConfigurationList = 86845CC4271A6383008B9764 /* Build configuration list for PBXNativeTarget "Optical Comms Solver (macOS)" */;
			buildPhases = (
				86845CB2271A6383008B9764 /* Sources */,
				86845CB3271A6383008B9764 /* Frameworks */,
				86845CB4271A6383008B9764 /* Resources */,
			);
			buildRules = (
			);
			dependencies = (
			);
			name = "Optical Comms Solver (macOS)";
			productName = "Optical Comms Solver (macOS)";
			productReference = 86845CB6271A6383008B9764 /* Optical Comms Solver.app */;
			productType = "com.apple.product-type.application";
		};
/* End PBXNativeTarget section */

/* Begin PBXProject section */
		86845CA4271A6381008B9764 /* Project object */ = {
			isa = PBXProject;
			attributes = {
				BuildIndependentTargetsInParallel = 1;
				LastSwiftUpdateCheck = 1300;
				LastUpgradeCheck = 1310;
				TargetAttributes = {
					86845CAF271A6383008B9764 = {
						CreatedOnToolsVersion = 13.0;
					};
					86845CB5271A6383008B9764 = {
						CreatedOnToolsVersion = 13.0;
					};
				};
			};
			buildConfigurationList = 86845CA7271A6381008B9764 /* Build configuration list for PBXProject "Optical Comms Solver" */;
			compatibilityVersion = "Xcode 13.0";
			developmentRegion = en;
			hasScannedForEncodings = 0;
			knownRegions = (
				en,
				Base,
			);
			mainGroup = 86845CA3271A6381008B9764;
			productRefGroup = 86845CB1271A6383008B9764 /* Products */;
			projectDirPath = "";
			projectRoot = "";
			targets = (
				86845CAF271A6383008B9764 /* Optical Comms Solver (iOS) */,
				86845CB5271A6383008B9764 /* Optical Comms Solver (macOS) */,
			);
		};
/* End PBXProject section */

/* Begin PBXResourcesBuildPhase section */
		86845CAE271A6383008B9764 /* Resources */ = {
			isa = PBXResourcesBuildPhase;
			buildActionMask = 2147483647;
			files = (
				86845CBD271A6383008B9764 /* Assets.xcassets in Resources */,
			);
			runOnlyForDeploymentPostprocessing = 0;
		};
		86845CB4271A6383008B9764 /* Resources */ = {
			isa = PBXResourcesBuildPhase;
			buildActionMask = 2147483647;
			files = (
				86845CBE271A6383008B9764 /* Assets.xcassets in Resources */,
			);
			runOnlyForDeploymentPostprocessing = 0;
		};
/* End PBXResourcesBuildPhase section */

/* Begin PBXSourcesBuildPhase section */
		86845CAC271A6383008B9764 /* Sources */ = {
			isa = PBXSourcesBuildPhase;
			buildActionMask = 2147483647;
			files = (
				8665D2EF27286AF700E744F1 /* NormalisedFrequencyCalculations.swift in Sources */,
				861D318A27277893002516F7 /* SnellLawComputation.swift in Sources */,
				861D319D27279DD5002516F7 /* MaxAcceptanceAngleCalculation.swift in Sources */,
				8621DE5D271E37F700FC2E81 /* DecimalField.swift in Sources */,
				861D318E27277DE9002516F7 /* ComputeCladdingRefractiveIndex_SnellLaw.swift in Sources */,
				861D31AC2727A4F2002516F7 /* ComputeNAFromRefractiveIndices.swift in Sources */,
				862590ED271B3C9B00793567 /* OpticalSignal.swift in Sources */,
				86845CBB271A6383008B9764 /* ContentView.swift in Sources */,
				861D318C272778C6002516F7 /* ComputeCoreRefractiveIndex_SnellLaw.swift in Sources */,
				861D3196272781A0002516F7 /* RefractiveIndexFromPhaseVelocity.swift in Sources */,
				861D319827278539002516F7 /* Constants.swift in Sources */,
				861D319F27279E0D002516F7 /* ComputeAcceptanceAngleFromNA.swift in Sources */,
				861D319427277FB3002516F7 /* ComputeCriticalAngle_SnellLaw.swift in Sources */,
				861D319227277F4E002516F7 /* ComputeTransmittedAngle_SnellLaw.swift in Sources */,
				861D31B02727A604002516F7 /* ComputeNAFromUnknownDeltaN.swift in Sources */,
				861D31A62727A3AB002516F7 /* NumericalApertureCalculation.swift in Sources */,
				861D31AE2727A58F002516F7 /* ComputeNAFromKnownDeltaN.swift in Sources */,
				8665D2F227286B4E00E744F1 /* ComputeVParameterForStepIndexFiber.swift in Sources */,
				86845CB9271A6383008B9764 /* OpticalCommsSolverApp.swift in Sources */,
				861D31A127279E1B002516F7 /* ComputeAcceptanceAngleFromCriticalAngle.swift in Sources */,
				862590FF271B5F5300793567 /* ElectricalSignal.swift in Sources */,
				862590F9271B5ECA00793567 /* Resources.swift in Sources */,
				861D31A82727A3F9002516F7 /* ComputeNAFromAcceptanceAngle.swift in Sources */,
				8665D2F427286E5C00E744F1 /* ComputeVParameterForGradedIndexFiber.swift in Sources */,
				861D31AA2727A49C002516F7 /* ComputeNAFromCriticalAngle.swift in Sources */,
				861D319027277ED6002516F7 /* ComputeIncidentAngle_SnellLaw.swift in Sources */,
				8673F082271AF3F90094BF61 /* OpticalToElectrical.swift in Sources */,
				862590FC271B5F4400793567 /* ElectricalToOptical.swift in Sources */,
			);
			runOnlyForDeploymentPostprocessing = 0;
		};
		86845CB2271A6383008B9764 /* Sources */ = {
			isa = PBXSourcesBuildPhase;
			buildActionMask = 2147483647;
			files = (
				8621DE5E271E37F700FC2E81 /* DecimalField.swift in Sources */,
				862590EE271B3C9B00793567 /* OpticalSignal.swift in Sources */,
				86845CBC271A6383008B9764 /* ContentView.swift in Sources */,
				86845CBA271A6383008B9764 /* OpticalCommsSolverApp.swift in Sources */,
				86259100271B5F5300793567 /* ElectricalSignal.swift in Sources */,
				862590FA271B5ECA00793567 /* Resources.swift in Sources */,
				8673F083271AF3F90094BF61 /* OpticalToElectrical.swift in Sources */,
				862590FD271B5F4400793567 /* ElectricalToOptical.swift in Sources */,
			);
			runOnlyForDeploymentPostprocessing = 0;
		};
/* End PBXSourcesBuildPhase section */

/* Begin XCBuildConfiguration section */
		86845CBF271A6383008B9764 /* Debug */ = {
			isa = XCBuildConfiguration;
			buildSettings = {
				ALWAYS_SEARCH_USER_PATHS = NO;
				CLANG_ANALYZER_NONNULL = YES;
				CLANG_ANALYZER_NUMBER_OBJECT_CONVERSION = YES_AGGRESSIVE;
				CLANG_CXX_LANGUAGE_STANDARD = "gnu++17";
				CLANG_CXX_LIBRARY = "libc++";
				CLANG_ENABLE_MODULES = YES;
				CLANG_ENABLE_OBJC_ARC = YES;
				CLANG_ENABLE_OBJC_WEAK = YES;
				CLANG_WARN_BLOCK_CAPTURE_AUTORELEASING = YES;
				CLANG_WARN_BOOL_CONVERSION = YES;
				CLANG_WARN_COMMA = YES;
				CLANG_WARN_CONSTANT_CONVERSION = YES;
				CLANG_WARN_DEPRECATED_OBJC_IMPLEMENTATIONS = YES;
				CLANG_WARN_DIRECT_OBJC_ISA_USAGE = YES_ERROR;
				CLANG_WARN_DOCUMENTATION_COMMENTS = YES;
				CLANG_WARN_EMPTY_BODY = YES;
				CLANG_WARN_ENUM_CONVERSION = YES;
				CLANG_WARN_INFINITE_RECURSION = YES;
				CLANG_WARN_INT_CONVERSION = YES;
				CLANG_WARN_NON_LITERAL_NULL_CONVERSION = YES;
				CLANG_WARN_OBJC_IMPLICIT_RETAIN_SELF = YES;
				CLANG_WARN_OBJC_LITERAL_CONVERSION = YES;
				CLANG_WARN_OBJC_ROOT_CLASS = YES_ERROR;
				CLANG_WARN_QUOTED_INCLUDE_IN_FRAMEWORK_HEADER = YES;
				CLANG_WARN_RANGE_LOOP_ANALYSIS = YES;
				CLANG_WARN_STRICT_PROTOTYPES = YES;
				CLANG_WARN_SUSPICIOUS_MOVE = YES;
				CLANG_WARN_UNGUARDED_AVAILABILITY = YES_AGGRESSIVE;
				CLANG_WARN_UNREACHABLE_CODE = YES;
				CLANG_WARN__DUPLICATE_METHOD_MATCH = YES;
				COPY_PHASE_STRIP = NO;
				DEBUG_INFORMATION_FORMAT = dwarf;
				ENABLE_STRICT_OBJC_MSGSEND = YES;
				ENABLE_TESTABILITY = YES;
				GCC_C_LANGUAGE_STANDARD = gnu11;
				GCC_DYNAMIC_NO_PIC = NO;
				GCC_NO_COMMON_BLOCKS = YES;
				GCC_OPTIMIZATION_LEVEL = 0;
				GCC_PREPROCESSOR_DEFINITIONS = (
					"DEBUG=1",
					"$(inherited)",
				);
				GCC_WARN_64_TO_32_BIT_CONVERSION = YES;
				GCC_WARN_ABOUT_RETURN_TYPE = YES_ERROR;
				GCC_WARN_UNDECLARED_SELECTOR = YES;
				GCC_WARN_UNINITIALIZED_AUTOS = YES_AGGRESSIVE;
				GCC_WARN_UNUSED_FUNCTION = YES;
				GCC_WARN_UNUSED_VARIABLE = YES;
				MTL_ENABLE_DEBUG_INFO = INCLUDE_SOURCE;
				MTL_FAST_MATH = YES;
				ONLY_ACTIVE_ARCH = YES;
				SWIFT_ACTIVE_COMPILATION_CONDITIONS = DEBUG;
				SWIFT_OPTIMIZATION_LEVEL = "-Onone";
			};
			name = Debug;
		};
		86845CC0271A6383008B9764 /* Release */ = {
			isa = XCBuildConfiguration;
			buildSettings = {
				ALWAYS_SEARCH_USER_PATHS = NO;
				CLANG_ANALYZER_NONNULL = YES;
				CLANG_ANALYZER_NUMBER_OBJECT_CONVERSION = YES_AGGRESSIVE;
				CLANG_CXX_LANGUAGE_STANDARD = "gnu++17";
				CLANG_CXX_LIBRARY = "libc++";
				CLANG_ENABLE_MODULES = YES;
				CLANG_ENABLE_OBJC_ARC = YES;
				CLANG_ENABLE_OBJC_WEAK = YES;
				CLANG_WARN_BLOCK_CAPTURE_AUTORELEASING = YES;
				CLANG_WARN_BOOL_CONVERSION = YES;
				CLANG_WARN_COMMA = YES;
				CLANG_WARN_CONSTANT_CONVERSION = YES;
				CLANG_WARN_DEPRECATED_OBJC_IMPLEMENTATIONS = YES;
				CLANG_WARN_DIRECT_OBJC_ISA_USAGE = YES_ERROR;
				CLANG_WARN_DOCUMENTATION_COMMENTS = YES;
				CLANG_WARN_EMPTY_BODY = YES;
				CLANG_WARN_ENUM_CONVERSION = YES;
				CLANG_WARN_INFINITE_RECURSION = YES;
				CLANG_WARN_INT_CONVERSION = YES;
				CLANG_WARN_NON_LITERAL_NULL_CONVERSION = YES;
				CLANG_WARN_OBJC_IMPLICIT_RETAIN_SELF = YES;
				CLANG_WARN_OBJC_LITERAL_CONVERSION = YES;
				CLANG_WARN_OBJC_ROOT_CLASS = YES_ERROR;
				CLANG_WARN_QUOTED_INCLUDE_IN_FRAMEWORK_HEADER = YES;
				CLANG_WARN_RANGE_LOOP_ANALYSIS = YES;
				CLANG_WARN_STRICT_PROTOTYPES = YES;
				CLANG_WARN_SUSPICIOUS_MOVE = YES;
				CLANG_WARN_UNGUARDED_AVAILABILITY = YES_AGGRESSIVE;
				CLANG_WARN_UNREACHABLE_CODE = YES;
				CLANG_WARN__DUPLICATE_METHOD_MATCH = YES;
				COPY_PHASE_STRIP = NO;
				DEBUG_INFORMATION_FORMAT = "dwarf-with-dsym";
				ENABLE_NS_ASSERTIONS = NO;
				ENABLE_STRICT_OBJC_MSGSEND = YES;
				GCC_C_LANGUAGE_STANDARD = gnu11;
				GCC_NO_COMMON_BLOCKS = YES;
				GCC_WARN_64_TO_32_BIT_CONVERSION = YES;
				GCC_WARN_ABOUT_RETURN_TYPE = YES_ERROR;
				GCC_WARN_UNDECLARED_SELECTOR = YES;
				GCC_WARN_UNINITIALIZED_AUTOS = YES_AGGRESSIVE;
				GCC_WARN_UNUSED_FUNCTION = YES;
				GCC_WARN_UNUSED_VARIABLE = YES;
				MTL_ENABLE_DEBUG_INFO = NO;
				MTL_FAST_MATH = YES;
				SWIFT_COMPILATION_MODE = wholemodule;
				SWIFT_OPTIMIZATION_LEVEL = "-O";
			};
			name = Release;
		};
		86845CC2271A6383008B9764 /* Debug */ = {
			isa = XCBuildConfiguration;
			buildSettings = {
				ASSETCATALOG_COMPILER_APPICON_NAME = AppIcon;
				ASSETCATALOG_COMPILER_GLOBAL_ACCENT_COLOR_NAME = AccentColor;
				CODE_SIGN_STYLE = Automatic;
				CURRENT_PROJECT_VERSION = 1;
				DEVELOPMENT_TEAM = D27X6VQP35;
				ENABLE_PREVIEWS = YES;
				GENERATE_INFOPLIST_FILE = YES;
				INFOPLIST_KEY_UIApplicationSceneManifest_Generation = YES;
				INFOPLIST_KEY_UIApplicationSupportsIndirectInputEvents = YES;
				INFOPLIST_KEY_UILaunchScreen_Generation = YES;
				INFOPLIST_KEY_UISupportedInterfaceOrientations_iPad = "UIInterfaceOrientationPortrait UIInterfaceOrientationPortraitUpsideDown UIInterfaceOrientationLandscapeLeft UIInterfaceOrientationLandscapeRight";
				INFOPLIST_KEY_UISupportedInterfaceOrientations_iPhone = "UIInterfaceOrientationPortrait UIInterfaceOrientationLandscapeLeft UIInterfaceOrientationLandscapeRight";
				IPHONEOS_DEPLOYMENT_TARGET = 15.0;
				LD_RUNPATH_SEARCH_PATHS = (
					"$(inherited)",
					"@executable_path/Frameworks",
				);
				MARKETING_VERSION = 1.0;
				PRODUCT_BUNDLE_IDENTIFIER = "com.jdocampom.wixsite.Optical-Comms-Solver";
				PRODUCT_NAME = "Optical Comms Solver";
				SDKROOT = iphoneos;
				SWIFT_EMIT_LOC_STRINGS = YES;
				SWIFT_VERSION = 5.0;
				TARGETED_DEVICE_FAMILY = "1,2";
			};
			name = Debug;
		};
		86845CC3271A6383008B9764 /* Release */ = {
			isa = XCBuildConfiguration;
			buildSettings = {
				ASSETCATALOG_COMPILER_APPICON_NAME = AppIcon;
				ASSETCATALOG_COMPILER_GLOBAL_ACCENT_COLOR_NAME = AccentColor;
				CODE_SIGN_STYLE = Automatic;
				CURRENT_PROJECT_VERSION = 1;
				DEVELOPMENT_TEAM = D27X6VQP35;
				ENABLE_PREVIEWS = YES;
				GENERATE_INFOPLIST_FILE = YES;
				INFOPLIST_KEY_UIApplicationSceneManifest_Generation = YES;
				INFOPLIST_KEY_UIApplicationSupportsIndirectInputEvents = YES;
				INFOPLIST_KEY_UILaunchScreen_Generation = YES;
				INFOPLIST_KEY_UISupportedInterfaceOrientations_iPad = "UIInterfaceOrientationPortrait UIInterfaceOrientationPortraitUpsideDown UIInterfaceOrientationLandscapeLeft UIInterfaceOrientationLandscapeRight";
				INFOPLIST_KEY_UISupportedInterfaceOrientations_iPhone = "UIInterfaceOrientationPortrait UIInterfaceOrientationLandscapeLeft UIInterfaceOrientationLandscapeRight";
				IPHONEOS_DEPLOYMENT_TARGET = 15.0;
				LD_RUNPATH_SEARCH_PATHS = (
					"$(inherited)",
					"@executable_path/Frameworks",
				);
				MARKETING_VERSION = 1.0;
				PRODUCT_BUNDLE_IDENTIFIER = "com.jdocampom.wixsite.Optical-Comms-Solver";
				PRODUCT_NAME = "Optical Comms Solver";
				SDKROOT = iphoneos;
				SWIFT_EMIT_LOC_STRINGS = YES;
				SWIFT_VERSION = 5.0;
				TARGETED_DEVICE_FAMILY = "1,2";
				VALIDATE_PRODUCT = YES;
			};
			name = Release;
		};
		86845CC5271A6383008B9764 /* Debug */ = {
			isa = XCBuildConfiguration;
			buildSettings = {
				ASSETCATALOG_COMPILER_APPICON_NAME = AppIcon;
				ASSETCATALOG_COMPILER_GLOBAL_ACCENT_COLOR_NAME = AccentColor;
				CODE_SIGN_ENTITLEMENTS = macOS/macOS.entitlements;
				CODE_SIGN_IDENTITY = "-";
				CODE_SIGN_STYLE = Automatic;
				COMBINE_HIDPI_IMAGES = YES;
				CURRENT_PROJECT_VERSION = 1;
				DEVELOPMENT_TEAM = D27X6VQP35;
				ENABLE_HARDENED_RUNTIME = YES;
				ENABLE_PREVIEWS = YES;
				GENERATE_INFOPLIST_FILE = YES;
				INFOPLIST_KEY_NSHumanReadableCopyright = "";
				LD_RUNPATH_SEARCH_PATHS = (
					"$(inherited)",
					"@executable_path/../Frameworks",
				);
				MACOSX_DEPLOYMENT_TARGET = 11.0;
				MARKETING_VERSION = 1.0;
				PRODUCT_BUNDLE_IDENTIFIER = "com.jdocampom.wixsite.Optical-Comms-Solver";
				PRODUCT_NAME = "Optical Comms Solver";
				SDKROOT = macosx;
				SWIFT_EMIT_LOC_STRINGS = YES;
				SWIFT_VERSION = 5.0;
			};
			name = Debug;
		};
		86845CC6271A6383008B9764 /* Release */ = {
			isa = XCBuildConfiguration;
			buildSettings = {
				ASSETCATALOG_COMPILER_APPICON_NAME = AppIcon;
				ASSETCATALOG_COMPILER_GLOBAL_ACCENT_COLOR_NAME = AccentColor;
				CODE_SIGN_ENTITLEMENTS = macOS/macOS.entitlements;
				CODE_SIGN_IDENTITY = "-";
				CODE_SIGN_STYLE = Automatic;
				COMBINE_HIDPI_IMAGES = YES;
				CURRENT_PROJECT_VERSION = 1;
				DEVELOPMENT_TEAM = D27X6VQP35;
				ENABLE_HARDENED_RUNTIME = YES;
				ENABLE_PREVIEWS = YES;
				GENERATE_INFOPLIST_FILE = YES;
				INFOPLIST_KEY_NSHumanReadableCopyright = "";
				LD_RUNPATH_SEARCH_PATHS = (
					"$(inherited)",
					"@executable_path/../Frameworks",
				);
				MACOSX_DEPLOYMENT_TARGET = 11.0;
				MARKETING_VERSION = 1.0;
				PRODUCT_BUNDLE_IDENTIFIER = "com.jdocampom.wixsite.Optical-Comms-Solver";
				PRODUCT_NAME = "Optical Comms Solver";
				SDKROOT = macosx;
				SWIFT_EMIT_LOC_STRINGS = YES;
				SWIFT_VERSION = 5.0;
			};
			name = Release;
		};
/* End XCBuildConfiguration section */

/* Begin XCConfigurationList section */
		86845CA7271A6381008B9764 /* Build configuration list for PBXProject "Optical Comms Solver" */ = {
			isa = XCConfigurationList;
			buildConfigurations = (
				86845CBF271A6383008B9764 /* Debug */,
				86845CC0271A6383008B9764 /* Release */,
			);
			defaultConfigurationIsVisible = 0;
			defaultConfigurationName = Release;
		};
		86845CC1271A6383008B9764 /* Build configuration list for PBXNativeTarget "Optical Comms Solver (iOS)" */ = {
			isa = XCConfigurationList;
			buildConfigurations = (
				86845CC2271A6383008B9764 /* Debug */,
				86845CC3271A6383008B9764 /* Release */,
			);
			defaultConfigurationIsVisible = 0;
			defaultConfigurationName = Release;
		};
		86845CC4271A6383008B9764 /* Build configuration list for PBXNativeTarget "Optical Comms Solver (macOS)" */ = {
			isa = XCConfigurationList;
			buildConfigurations = (
				86845CC5271A6383008B9764 /* Debug */,
				86845CC6271A6383008B9764 /* Release */,
			);
			defaultConfigurationIsVisible = 0;
			defaultConfigurationName = Release;
		};
/* End XCConfigurationList section */
	};
	rootObject = 86845CA4271A6381008B9764 /* Project object */;
}
